{
  "name": "fc-sdk-wechat-miniprogram",
  "lockfileVersion": 3,
  "requires": true,
  "packages": {
    "": {
      "name": "fc-sdk-wechat-miniprogram",
      "workspaces": [
        "packages/*"
      ],
      "devDependencies": {
        "typescript": "^5.8.3"
      }
    },
    "node_modules/@flashcatcloud/miniprogram-core": {
      "resolved": "packages/core",
      "link": true
    },
    "node_modules/@flashcatcloud/miniprogram-platform": {
      "resolved": "packages/miniprogram-platform",
      "link": true
    },
    "node_modules/@flashcatcloud/miniprogram-rum": {
      "resolved": "packages/miniprogram-rum",
      "link": true
    },
    "node_modules/typescript": {
      "version": "5.9.3",
      "resolved": "https://registry.npmjs.org/typescript/-/typescript-5.9.3.tgz",
      "integrity": "sha512-jl1vZzPDinLr9eUt3J/t7V6FgNEw9QjvBPdysz9KfQDD41fQrC2Y4vKQdiaUpFT4bXlb1RHhLpp8wtm6M5TgSw==",
      "dev": true,
      "license": "Apache-2.0",
      "bin": {
        "tsc": "bin/tsc",
        "tsserver": "bin/tsserver"
      },
      "engines": {
        "node": ">=14.17"
      }
    },
    "packages/core": {
      "name": "@flashcatcloud/miniprogram-core",
      "version": "0.1.0"
    },
    "packages/miniprogram-platform": {
      "name": "@flashcatcloud/miniprogram-platform",
      "version": "0.1.0",
      "dependencies": {
        "@flashcatcloud/miniprogram-core": "0.1.0"
      }
    },
    "packages/miniprogram-rum": {
      "name": "@flashcatcloud/miniprogram-rum",
      "version": "0.1.0",
      "dependencies": {
        "@flashcatcloud/miniprogram-core": "0.1.0",
        "@flashcatcloud/miniprogram-platform": "0.1.0"
      }
    }
  }
}
